
Microsoft Visual Studio Solution File, Format Version 12.00
Project("{FAE04EC0-301F-11D3-BF4B-00C04F79EFBC}") = "ORM", "ORM\ORM.csproj", "{40BAEFFD-1831-429A-942C-1E8F50BD5313}"
EndProject
Project("{FAE04EC0-301F-11D3-BF4B-00C04F79EFBC}") = "Tests", "Tests\Tests.csproj", "{2C93828F-700C-4A64-AEF9-0D36BA553A97}"
EndProject
Project("{FAE04EC0-301F-11D3-BF4B-00C04F79EFBC}") = "Base", "Base\Base.csproj", "{0DEA8BAB-2C14-49DC-846D-4FDCB9B1C976}"
EndProject
Project("{FAE04EC0-301F-11D3-BF4B-00C04F79EFBC}") = "BaseGenerator", "BaseGenerator\BaseGenerator.csproj", "{B791C139-7A04-47DA-88AD-9D5E6E841CCF}"
EndProject
Project("{FAE04EC0-301F-11D3-BF4B-00C04F79EFBC}") = "APIConnector", "APIConnector\APIConnector.csproj", "{FCA246F7-C0B7-4D22-B74D-746917BE9411}"
EndProject
Project("{FAE04EC0-301F-11D3-BF4B-00C04F79EFBC}") = "ORM.SQLite.Microsoft", "ORM.SQLite.Microsoft\ORM.SQLite.Microsoft.csproj", "{2223FE74-A955-4085-A67B-66731DB921B1}"
EndProject
Project("{FAE04EC0-301F-11D3-BF4B-00C04F79EFBC}") = "ORM.MySQL", "ORM.MySQL\ORM.MySQL.csproj", "{0C40D8E5-D626-41F8-95BF-B9684FE674FA}"
EndProject
Project("{FAE04EC0-301F-11D3-BF4B-00C04F79EFBC}") = "Bridge.ORM.APIConnector", "Bridge.ORM.APIConnector\Bridge.ORM.APIConnector.csproj", "{A2B19035-6F49-4388-B3DD-5C73F9BAFD20}"
EndProject
Project("{FAE04EC0-301F-11D3-BF4B-00C04F79EFBC}") = "APIConnector.ASP.NET.CORE", "APIConnector.ASP.NET.CORE\APIConnector.ASP.NET.CORE.csproj", "{DB4E3264-09FA-457E-BBB7-F6EC89D3BB72}"
EndProject
Project("{2150E333-8FDC-42A3-9474-1A3956D46DE8}") = "Exemple", "Exemple", "{086225A7-9419-4C3A-BDBE-C953B5CD6D98}"
EndProject
Project("{FAE04EC0-301F-11D3-BF4B-00C04F79EFBC}") = "API", "Exemple\API\API.csproj", "{79DAC7F4-E1B8-4536-9965-8B71DCBBB824}"
EndProject
Global
	GlobalSection(SolutionConfigurationPlatforms) = preSolution
		Debug|Any CPU = Debug|Any CPU
		Release|Any CPU = Release|Any CPU
	EndGlobalSection
	GlobalSection(ProjectConfigurationPlatforms) = postSolution
		{40BAEFFD-1831-429A-942C-1E8F50BD5313}.Debug|Any CPU.ActiveCfg = Debug|Any CPU
		{40BAEFFD-1831-429A-942C-1E8F50BD5313}.Debug|Any CPU.Build.0 = Debug|Any CPU
		{40BAEFFD-1831-429A-942C-1E8F50BD5313}.Release|Any CPU.ActiveCfg = Release|Any CPU
		{40BAEFFD-1831-429A-942C-1E8F50BD5313}.Release|Any CPU.Build.0 = Release|Any CPU
		{2C93828F-700C-4A64-AEF9-0D36BA553A97}.Debug|Any CPU.ActiveCfg = Debug|Any CPU
		{2C93828F-700C-4A64-AEF9-0D36BA553A97}.Debug|Any CPU.Build.0 = Debug|Any CPU
		{2C93828F-700C-4A64-AEF9-0D36BA553A97}.Release|Any CPU.ActiveCfg = Release|Any CPU
		{2C93828F-700C-4A64-AEF9-0D36BA553A97}.Release|Any CPU.Build.0 = Release|Any CPU
		{0DEA8BAB-2C14-49DC-846D-4FDCB9B1C976}.Debug|Any CPU.ActiveCfg = Debug|Any CPU
		{0DEA8BAB-2C14-49DC-846D-4FDCB9B1C976}.Debug|Any CPU.Build.0 = Debug|Any CPU
		{0DEA8BAB-2C14-49DC-846D-4FDCB9B1C976}.Release|Any CPU.ActiveCfg = Release|Any CPU
		{0DEA8BAB-2C14-49DC-846D-4FDCB9B1C976}.Release|Any CPU.Build.0 = Release|Any CPU
		{B791C139-7A04-47DA-88AD-9D5E6E841CCF}.Debug|Any CPU.ActiveCfg = Debug|Any CPU
		{B791C139-7A04-47DA-88AD-9D5E6E841CCF}.Debug|Any CPU.Build.0 = Debug|Any CPU
		{B791C139-7A04-47DA-88AD-9D5E6E841CCF}.Release|Any CPU.ActiveCfg = Release|Any CPU
		{B791C139-7A04-47DA-88AD-9D5E6E841CCF}.Release|Any CPU.Build.0 = Release|Any CPU
		{FCA246F7-C0B7-4D22-B74D-746917BE9411}.Debug|Any CPU.ActiveCfg = Debug|Any CPU
		{FCA246F7-C0B7-4D22-B74D-746917BE9411}.Debug|Any CPU.Build.0 = Debug|Any CPU
		{FCA246F7-C0B7-4D22-B74D-746917BE9411}.Release|Any CPU.ActiveCfg = Release|Any CPU
		{FCA246F7-C0B7-4D22-B74D-746917BE9411}.Release|Any CPU.Build.0 = Release|Any CPU
		{2223FE74-A955-4085-A67B-66731DB921B1}.Debug|Any CPU.ActiveCfg = Debug|Any CPU
		{2223FE74-A955-4085-A67B-66731DB921B1}.Debug|Any CPU.Build.0 = Debug|Any CPU
		{2223FE74-A955-4085-A67B-66731DB921B1}.Release|Any CPU.ActiveCfg = Release|Any CPU
		{2223FE74-A955-4085-A67B-66731DB921B1}.Release|Any CPU.Build.0 = Release|Any CPU
		{0C40D8E5-D626-41F8-95BF-B9684FE674FA}.Debug|Any CPU.ActiveCfg = Debug|Any CPU
		{0C40D8E5-D626-41F8-95BF-B9684FE674FA}.Debug|Any CPU.Build.0 = Debug|Any CPU
		{0C40D8E5-D626-41F8-95BF-B9684FE674FA}.Release|Any CPU.ActiveCfg = Release|Any CPU
		{0C40D8E5-D626-41F8-95BF-B9684FE674FA}.Release|Any CPU.Build.0 = Release|Any CPU
		{A2B19035-6F49-4388-B3DD-5C73F9BAFD20}.Debug|Any CPU.ActiveCfg = Debug|Any CPU
		{A2B19035-6F49-4388-B3DD-5C73F9BAFD20}.Debug|Any CPU.Build.0 = Debug|Any CPU
		{A2B19035-6F49-4388-B3DD-5C73F9BAFD20}.Release|Any CPU.ActiveCfg = Release|Any CPU
		{A2B19035-6F49-4388-B3DD-5C73F9BAFD20}.Release|Any CPU.Build.0 = Release|Any CPU
		{DB4E3264-09FA-457E-BBB7-F6EC89D3BB72}.Debug|Any CPU.ActiveCfg = Debug|Any CPU
		{DB4E3264-09FA-457E-BBB7-F6EC89D3BB72}.Debug|Any CPU.Build.0 = Debug|Any CPU
		{DB4E3264-09FA-457E-BBB7-F6EC89D3BB72}.Release|Any CPU.ActiveCfg = Release|Any CPU
		{DB4E3264-09FA-457E-BBB7-F6EC89D3BB72}.Release|Any CPU.Build.0 = Release|Any CPU
		{79DAC7F4-E1B8-4536-9965-8B71DCBBB824}.Debug|Any CPU.ActiveCfg = Debug|Any CPU
		{79DAC7F4-E1B8-4536-9965-8B71DCBBB824}.Debug|Any CPU.Build.0 = Debug|Any CPU
		{79DAC7F4-E1B8-4536-9965-8B71DCBBB824}.Release|Any CPU.ActiveCfg = Release|Any CPU
		{79DAC7F4-E1B8-4536-9965-8B71DCBBB824}.Release|Any CPU.Build.0 = Release|Any CPU
	EndGlobalSection
	GlobalSection(NestedProjects) = preSolution
		{79DAC7F4-E1B8-4536-9965-8B71DCBBB824} = {086225A7-9419-4C3A-BDBE-C953B5CD6D98}
	EndGlobalSection
EndGlobal
