
Microsoft Visual Studio Solution File, Format Version 12.00
Project("{FAE04EC0-301F-11D3-BF4B-00C04F79EFBC}") = "Core", "Core\Core.csproj", "{40BAEFFD-1831-429A-942C-1E8F50BD5313}"
EndProject
Project("{FAE04EC0-301F-11D3-BF4B-00C04F79EFBC}") = "ADO.NET.MYSQL", "ADO.NET.MYSQL\ADO.NET.MYSQL.csproj", "{6911DBF2-E808-43C3-A316-1FAB96B177C5}"
EndProject
Project("{FAE04EC0-301F-11D3-BF4B-00C04F79EFBC}") = "MICROSOFT.SQLite", "MICROSOFT.SQLite\MICROSOFT.SQLite.csproj", "{3AB215DB-F9DA-42DD-8BCC-7BB94B909E5D}"
EndProject
Project("{FAE04EC0-301F-11D3-BF4B-00C04F79EFBC}") = "Tests", "Tests\Tests.csproj", "{2C93828F-700C-4A64-AEF9-0D36BA553A97}"
EndProject
Global
	GlobalSection(SolutionConfigurationPlatforms) = preSolution
		Debug|Any CPU = Debug|Any CPU
		Release|Any CPU = Release|Any CPU
	EndGlobalSection
	GlobalSection(ProjectConfigurationPlatforms) = postSolution
		{40BAEFFD-1831-429A-942C-1E8F50BD5313}.Debug|Any CPU.ActiveCfg = Debug|Any CPU
		{40BAEFFD-1831-429A-942C-1E8F50BD5313}.Debug|Any CPU.Build.0 = Debug|Any CPU
		{40BAEFFD-1831-429A-942C-1E8F50BD5313}.Release|Any CPU.ActiveCfg = Release|Any CPU
		{40BAEFFD-1831-429A-942C-1E8F50BD5313}.Release|Any CPU.Build.0 = Release|Any CPU
		{6911DBF2-E808-43C3-A316-1FAB96B177C5}.Debug|Any CPU.ActiveCfg = Debug|Any CPU
		{6911DBF2-E808-43C3-A316-1FAB96B177C5}.Debug|Any CPU.Build.0 = Debug|Any CPU
		{6911DBF2-E808-43C3-A316-1FAB96B177C5}.Release|Any CPU.ActiveCfg = Release|Any CPU
		{6911DBF2-E808-43C3-A316-1FAB96B177C5}.Release|Any CPU.Build.0 = Release|Any CPU
		{3AB215DB-F9DA-42DD-8BCC-7BB94B909E5D}.Debug|Any CPU.ActiveCfg = Debug|Any CPU
		{3AB215DB-F9DA-42DD-8BCC-7BB94B909E5D}.Debug|Any CPU.Build.0 = Debug|Any CPU
		{3AB215DB-F9DA-42DD-8BCC-7BB94B909E5D}.Release|Any CPU.ActiveCfg = Release|Any CPU
		{3AB215DB-F9DA-42DD-8BCC-7BB94B909E5D}.Release|Any CPU.Build.0 = Release|Any CPU
		{2C93828F-700C-4A64-AEF9-0D36BA553A97}.Debug|Any CPU.ActiveCfg = Debug|Any CPU
		{2C93828F-700C-4A64-AEF9-0D36BA553A97}.Debug|Any CPU.Build.0 = Debug|Any CPU
		{2C93828F-700C-4A64-AEF9-0D36BA553A97}.Release|Any CPU.ActiveCfg = Release|Any CPU
		{2C93828F-700C-4A64-AEF9-0D36BA553A97}.Release|Any CPU.Build.0 = Release|Any CPU
	EndGlobalSection
EndGlobal
